
Microsoft Visual Studio Solution File, Format Version 12.00
# Visual Studio Version 17
VisualStudioVersion = 17.13.35818.85
MinimumVisualStudioVersion = 10.0.40219.1
Project("{FAE04EC0-301F-11D3-BF4B-00C04F79EFBC}") = "BulkyWeb", "BulkyWeb.csproj", "{4D8391FC-FD21-409E-A363-6A02620D8283}"
EndProject
Project("{FAE04EC0-301F-11D3-BF4B-00C04F79EFBC}") = "BulkyWebRazor_Temp", "..\BulkyWebRazor_Temp\BulkyWebRazor_Temp.csproj", "{ED64D8FC-A55A-427A-A537-CA1A04707104}"
EndProject
Project("{FAE04EC0-301F-11D3-BF4B-00C04F79EFBC}") = "Bulky.DataAccess", "..\Bulky.DataAccess\Bulky.DataAccess.csproj", "{FE3F0632-83C4-498E-AD59-747E174E33AD}"
EndProject
Project("{FAE04EC0-301F-11D3-BF4B-00C04F79EFBC}") = "Bulky.Models", "..\Bulky.Models\Bulky.Models.csproj", "{FFE9953B-3C74-4B61-830E-825D6360E9DA}"
EndProject
Project("{FAE04EC0-301F-11D3-BF4B-00C04F79EFBC}") = "Bulky.Utility", "..\Bulky.Utility\Bulky.Utility.csproj", "{4CC7638D-9CCF-401C-82BA-7A8A8A473EC9}"
EndProject
Global
	GlobalSection(SolutionConfigurationPlatforms) = preSolution
		Debug|Any CPU = Debug|Any CPU
		Release|Any CPU = Release|Any CPU
	EndGlobalSection
	GlobalSection(ProjectConfigurationPlatforms) = postSolution
		{4D8391FC-FD21-409E-A363-6A02620D8283}.Debug|Any CPU.ActiveCfg = Debug|Any CPU
		{4D8391FC-FD21-409E-A363-6A02620D8283}.Debug|Any CPU.Build.0 = Debug|Any CPU
		{4D8391FC-FD21-409E-A363-6A02620D8283}.Release|Any CPU.ActiveCfg = Release|Any CPU
		{4D8391FC-FD21-409E-A363-6A02620D8283}.Release|Any CPU.Build.0 = Release|Any CPU
		{ED64D8FC-A55A-427A-A537-CA1A04707104}.Debug|Any CPU.ActiveCfg = Debug|Any CPU
		{ED64D8FC-A55A-427A-A537-CA1A04707104}.Debug|Any CPU.Build.0 = Debug|Any CPU
		{ED64D8FC-A55A-427A-A537-CA1A04707104}.Release|Any CPU.ActiveCfg = Release|Any CPU
		{ED64D8FC-A55A-427A-A537-CA1A04707104}.Release|Any CPU.Build.0 = Release|Any CPU
		{FE3F0632-83C4-498E-AD59-747E174E33AD}.Debug|Any CPU.ActiveCfg = Debug|Any CPU
		{FE3F0632-83C4-498E-AD59-747E174E33AD}.Debug|Any CPU.Build.0 = Debug|Any CPU
		{FE3F0632-83C4-498E-AD59-747E174E33AD}.Release|Any CPU.ActiveCfg = Release|Any CPU
		{FE3F0632-83C4-498E-AD59-747E174E33AD}.Release|Any CPU.Build.0 = Release|Any CPU
		{FFE9953B-3C74-4B61-830E-825D6360E9DA}.Debug|Any CPU.ActiveCfg = Debug|Any CPU
		{FFE9953B-3C74-4B61-830E-825D6360E9DA}.Debug|Any CPU.Build.0 = Debug|Any CPU
		{FFE9953B-3C74-4B61-830E-825D6360E9DA}.Release|Any CPU.ActiveCfg = Release|Any CPU
		{FFE9953B-3C74-4B61-830E-825D6360E9DA}.Release|Any CPU.Build.0 = Release|Any CPU
		{4CC7638D-9CCF-401C-82BA-7A8A8A473EC9}.Debug|Any CPU.ActiveCfg = Debug|Any CPU
		{4CC7638D-9CCF-401C-82BA-7A8A8A473EC9}.Debug|Any CPU.Build.0 = Debug|Any CPU
		{4CC7638D-9CCF-401C-82BA-7A8A8A473EC9}.Release|Any CPU.ActiveCfg = Release|Any CPU
		{4CC7638D-9CCF-401C-82BA-7A8A8A473EC9}.Release|Any CPU.Build.0 = Release|Any CPU
	EndGlobalSection
	GlobalSection(SolutionProperties) = preSolution
		HideSolutionNode = FALSE
	EndGlobalSection
	GlobalSection(ExtensibilityGlobals) = postSolution
		SolutionGuid = {382E3F6B-2322-4302-BDAB-5AD9FC549ED2}
	EndGlobalSection
EndGlobal
